
Microsoft Visual Studio Solution File, Format Version 12.00
# Visual Studio Version 17
VisualStudioVersion = 17.5.2.0
MinimumVisualStudioVersion = 10.0.40219.1
Project("{2150E333-8FDC-42A3-9474-1A3956D46DE8}") = "csharp", "csharp", "{B41BF331-FCCB-2ADF-CDB6-767964B34647}"
EndProject
Project("{FAE04EC0-301F-11D3-BF4B-00C04F79EFBC}") = "Interfold.Contracts", "csharp\Interfold.Contracts\Interfold.Contracts.csproj", "{B4847DD5-5C4C-CC8B-2882-A765ADA137E6}"
EndProject
Project("{FAE04EC0-301F-11D3-BF4B-00C04F79EFBC}") = "Interfold.Domain", "csharp\Interfold.Domain\Interfold.Domain.csproj", "{693D7909-20A2-4C43-E727-0DA7071317DE}"
EndProject
Project("{FAE04EC0-301F-11D3-BF4B-00C04F79EFBC}") = "Interfold.Infrastructure", "csharp\Interfold.Infrastructure\Interfold.Infrastructure.csproj", "{98A61134-E482-431D-8A89-EBA85B8E8C59}"
EndProject
Project("{FAE04EC0-301F-11D3-BF4B-00C04F79EFBC}") = "Interfold.IntegrationTests", "csharp\Interfold.IntegrationTests\Interfold.IntegrationTests.csproj", "{B5DEF108-AF80-4B76-B31A-AC32C69CEA16}"
EndProject
Project("{FAE04EC0-301F-11D3-BF4B-00C04F79EFBC}") = "Interfold.Api", "csharp\Interfold.Api\Interfold.Api.csproj", "{D1ADB4DB-0667-4868-BED6-4FF9504141E1}"
EndProject
Project("{FAE04EC0-301F-11D3-BF4B-00C04F79EFBC}") = "Interfold.Infrastructure.Scylla", "csharp\Interfold.Infrastructure.Scylla\Interfold.Infrastructure.Scylla.csproj", "{5DC1C09B-9960-4F8F-BBCF-AACFE61E5A7D}"
EndProject
Project("{FAE04EC0-301F-11D3-BF4B-00C04F79EFBC}") = "Interfold.Infrastructure.Postgres", "csharp\Interfold.Infrastructure.Postgres\Interfold.Infrastructure.Postgres.csproj", "{79AB3D09-837B-40A9-8467-60DBFB14FBDF}"
EndProject
Project("{FAE04EC0-301F-11D3-BF4B-00C04F79EFBC}") = "Interfold.Infrastructure.InMemory", "csharp\Interfold.Infrastructure.InMemory\Interfold.Infrastructure.InMemory.csproj", "{7ED93ECF-2F52-4361-A41F-94020CB76E5C}"
EndProject
Global
	GlobalSection(SolutionConfigurationPlatforms) = preSolution
		Debug|Any CPU = Debug|Any CPU
		Debug|x64 = Debug|x64
		Debug|x86 = Debug|x86
		Release|Any CPU = Release|Any CPU
		Release|x64 = Release|x64
		Release|x86 = Release|x86
	EndGlobalSection
	GlobalSection(ProjectConfigurationPlatforms) = postSolution
		{B4847DD5-5C4C-CC8B-2882-A765ADA137E6}.Debug|Any CPU.ActiveCfg = Debug|Any CPU
		{B4847DD5-5C4C-CC8B-2882-A765ADA137E6}.Debug|Any CPU.Build.0 = Debug|Any CPU
		{B4847DD5-5C4C-CC8B-2882-A765ADA137E6}.Debug|x64.ActiveCfg = Debug|Any CPU
		{B4847DD5-5C4C-CC8B-2882-A765ADA137E6}.Debug|x64.Build.0 = Debug|Any CPU
		{B4847DD5-5C4C-CC8B-2882-A765ADA137E6}.Debug|x86.ActiveCfg = Debug|Any CPU
		{B4847DD5-5C4C-CC8B-2882-A765ADA137E6}.Debug|x86.Build.0 = Debug|Any CPU
		{B4847DD5-5C4C-CC8B-2882-A765ADA137E6}.Release|Any CPU.ActiveCfg = Release|Any CPU
		{B4847DD5-5C4C-CC8B-2882-A765ADA137E6}.Release|Any CPU.Build.0 = Release|Any CPU
		{B4847DD5-5C4C-CC8B-2882-A765ADA137E6}.Release|x64.ActiveCfg = Release|Any CPU
		{B4847DD5-5C4C-CC8B-2882-A765ADA137E6}.Release|x64.Build.0 = Release|Any CPU
		{B4847DD5-5C4C-CC8B-2882-A765ADA137E6}.Release|x86.ActiveCfg = Release|Any CPU
		{B4847DD5-5C4C-CC8B-2882-A765ADA137E6}.Release|x86.Build.0 = Release|Any CPU
		{693D7909-20A2-4C43-E727-0DA7071317DE}.Debug|Any CPU.ActiveCfg = Debug|Any CPU
		{693D7909-20A2-4C43-E727-0DA7071317DE}.Debug|Any CPU.Build.0 = Debug|Any CPU
		{693D7909-20A2-4C43-E727-0DA7071317DE}.Debug|x64.ActiveCfg = Debug|Any CPU
		{693D7909-20A2-4C43-E727-0DA7071317DE}.Debug|x64.Build.0 = Debug|Any CPU
		{693D7909-20A2-4C43-E727-0DA7071317DE}.Debug|x86.ActiveCfg = Debug|Any CPU
		{693D7909-20A2-4C43-E727-0DA7071317DE}.Debug|x86.Build.0 = Debug|Any CPU
		{693D7909-20A2-4C43-E727-0DA7071317DE}.Release|Any CPU.ActiveCfg = Release|Any CPU
		{693D7909-20A2-4C43-E727-0DA7071317DE}.Release|Any CPU.Build.0 = Release|Any CPU
		{693D7909-20A2-4C43-E727-0DA7071317DE}.Release|x64.ActiveCfg = Release|Any CPU
		{693D7909-20A2-4C43-E727-0DA7071317DE}.Release|x64.Build.0 = Release|Any CPU
		{693D7909-20A2-4C43-E727-0DA7071317DE}.Release|x86.ActiveCfg = Release|Any CPU
		{693D7909-20A2-4C43-E727-0DA7071317DE}.Release|x86.Build.0 = Release|Any CPU
		{98A61134-E482-431D-8A89-EBA85B8E8C59}.Debug|Any CPU.ActiveCfg = Debug|Any CPU
		{98A61134-E482-431D-8A89-EBA85B8E8C59}.Debug|Any CPU.Build.0 = Debug|Any CPU
		{98A61134-E482-431D-8A89-EBA85B8E8C59}.Debug|x64.ActiveCfg = Debug|Any CPU
		{98A61134-E482-431D-8A89-EBA85B8E8C59}.Debug|x64.Build.0 = Debug|Any CPU
		{98A61134-E482-431D-8A89-EBA85B8E8C59}.Debug|x86.ActiveCfg = Debug|Any CPU
		{98A61134-E482-431D-8A89-EBA85B8E8C59}.Debug|x86.Build.0 = Debug|Any CPU
		{98A61134-E482-431D-8A89-EBA85B8E8C59}.Release|Any CPU.ActiveCfg = Release|Any CPU
		{98A61134-E482-431D-8A89-EBA85B8E8C59}.Release|Any CPU.Build.0 = Release|Any CPU
		{98A61134-E482-431D-8A89-EBA85B8E8C59}.Release|x64.ActiveCfg = Release|Any CPU
		{98A61134-E482-431D-8A89-EBA85B8E8C59}.Release|x64.Build.0 = Release|Any CPU
		{98A61134-E482-431D-8A89-EBA85B8E8C59}.Release|x86.ActiveCfg = Release|Any CPU
		{98A61134-E482-431D-8A89-EBA85B8E8C59}.Release|x86.Build.0 = Release|Any CPU
		{B5DEF108-AF80-4B76-B31A-AC32C69CEA16}.Debug|Any CPU.ActiveCfg = Debug|Any CPU
		{B5DEF108-AF80-4B76-B31A-AC32C69CEA16}.Debug|Any CPU.Build.0 = Debug|Any CPU
		{B5DEF108-AF80-4B76-B31A-AC32C69CEA16}.Debug|x64.ActiveCfg = Debug|Any CPU
		{B5DEF108-AF80-4B76-B31A-AC32C69CEA16}.Debug|x64.Build.0 = Debug|Any CPU
		{B5DEF108-AF80-4B76-B31A-AC32C69CEA16}.Debug|x86.ActiveCfg = Debug|Any CPU
		{B5DEF108-AF80-4B76-B31A-AC32C69CEA16}.Debug|x86.Build.0 = Debug|Any CPU
		{B5DEF108-AF80-4B76-B31A-AC32C69CEA16}.Release|Any CPU.ActiveCfg = Release|Any CPU
		{B5DEF108-AF80-4B76-B31A-AC32C69CEA16}.Release|Any CPU.Build.0 = Release|Any CPU
		{B5DEF108-AF80-4B76-B31A-AC32C69CEA16}.Release|x64.ActiveCfg = Release|Any CPU
		{B5DEF108-AF80-4B76-B31A-AC32C69CEA16}.Release|x64.Build.0 = Release|Any CPU
		{B5DEF108-AF80-4B76-B31A-AC32C69CEA16}.Release|x86.ActiveCfg = Release|Any CPU
		{B5DEF108-AF80-4B76-B31A-AC32C69CEA16}.Release|x86.Build.0 = Release|Any CPU
		{D1ADB4DB-0667-4868-BED6-4FF9504141E1}.Debug|Any CPU.ActiveCfg = Debug|Any CPU
		{D1ADB4DB-0667-4868-BED6-4FF9504141E1}.Debug|Any CPU.Build.0 = Debug|Any CPU
		{D1ADB4DB-0667-4868-BED6-4FF9504141E1}.Debug|x64.ActiveCfg = Debug|Any CPU
		{D1ADB4DB-0667-4868-BED6-4FF9504141E1}.Debug|x64.Build.0 = Debug|Any CPU
		{D1ADB4DB-0667-4868-BED6-4FF9504141E1}.Debug|x86.ActiveCfg = Debug|Any CPU
		{D1ADB4DB-0667-4868-BED6-4FF9504141E1}.Debug|x86.Build.0 = Debug|Any CPU
		{D1ADB4DB-0667-4868-BED6-4FF9504141E1}.Release|Any CPU.ActiveCfg = Release|Any CPU
		{D1ADB4DB-0667-4868-BED6-4FF9504141E1}.Release|Any CPU.Build.0 = Release|Any CPU
		{D1ADB4DB-0667-4868-BED6-4FF9504141E1}.Release|x64.ActiveCfg = Release|Any CPU
		{D1ADB4DB-0667-4868-BED6-4FF9504141E1}.Release|x64.Build.0 = Release|Any CPU
		{D1ADB4DB-0667-4868-BED6-4FF9504141E1}.Release|x86.ActiveCfg = Release|Any CPU
		{D1ADB4DB-0667-4868-BED6-4FF9504141E1}.Release|x86.Build.0 = Release|Any CPU
		{5DC1C09B-9960-4F8F-BBCF-AACFE61E5A7D}.Debug|Any CPU.ActiveCfg = Debug|Any CPU
		{5DC1C09B-9960-4F8F-BBCF-AACFE61E5A7D}.Debug|Any CPU.Build.0 = Debug|Any CPU
		{5DC1C09B-9960-4F8F-BBCF-AACFE61E5A7D}.Debug|x64.ActiveCfg = Debug|Any CPU
		{5DC1C09B-9960-4F8F-BBCF-AACFE61E5A7D}.Debug|x64.Build.0 = Debug|Any CPU
		{5DC1C09B-9960-4F8F-BBCF-AACFE61E5A7D}.Debug|x86.ActiveCfg = Debug|Any CPU
		{5DC1C09B-9960-4F8F-BBCF-AACFE61E5A7D}.Debug|x86.Build.0 = Debug|Any CPU
		{5DC1C09B-9960-4F8F-BBCF-AACFE61E5A7D}.Release|Any CPU.ActiveCfg = Release|Any CPU
		{5DC1C09B-9960-4F8F-BBCF-AACFE61E5A7D}.Release|Any CPU.Build.0 = Release|Any CPU
		{5DC1C09B-9960-4F8F-BBCF-AACFE61E5A7D}.Release|x64.ActiveCfg = Release|Any CPU
		{5DC1C09B-9960-4F8F-BBCF-AACFE61E5A7D}.Release|x64.Build.0 = Release|Any CPU
		{5DC1C09B-9960-4F8F-BBCF-AACFE61E5A7D}.Release|x86.ActiveCfg = Release|Any CPU
		{5DC1C09B-9960-4F8F-BBCF-AACFE61E5A7D}.Release|x86.Build.0 = Release|Any CPU
		{79AB3D09-837B-40A9-8467-60DBFB14FBDF}.Debug|Any CPU.ActiveCfg = Debug|Any CPU
		{79AB3D09-837B-40A9-8467-60DBFB14FBDF}.Debug|Any CPU.Build.0 = Debug|Any CPU
		{79AB3D09-837B-40A9-8467-60DBFB14FBDF}.Debug|x64.ActiveCfg = Debug|Any CPU
		{79AB3D09-837B-40A9-8467-60DBFB14FBDF}.Debug|x64.Build.0 = Debug|Any CPU
		{79AB3D09-837B-40A9-8467-60DBFB14FBDF}.Debug|x86.ActiveCfg = Debug|Any CPU
		{79AB3D09-837B-40A9-8467-60DBFB14FBDF}.Debug|x86.Build.0 = Debug|Any CPU
		{79AB3D09-837B-40A9-8467-60DBFB14FBDF}.Release|Any CPU.ActiveCfg = Release|Any CPU
		{79AB3D09-837B-40A9-8467-60DBFB14FBDF}.Release|Any CPU.Build.0 = Release|Any CPU
		{79AB3D09-837B-40A9-8467-60DBFB14FBDF}.Release|x64.ActiveCfg = Release|Any CPU
		{79AB3D09-837B-40A9-8467-60DBFB14FBDF}.Release|x64.Build.0 = Release|Any CPU
		{79AB3D09-837B-40A9-8467-60DBFB14FBDF}.Release|x86.ActiveCfg = Release|Any CPU
		{79AB3D09-837B-40A9-8467-60DBFB14FBDF}.Release|x86.Build.0 = Release|Any CPU
		{7ED93ECF-2F52-4361-A41F-94020CB76E5C}.Debug|Any CPU.ActiveCfg = Debug|Any CPU
		{7ED93ECF-2F52-4361-A41F-94020CB76E5C}.Debug|Any CPU.Build.0 = Debug|Any CPU
		{7ED93ECF-2F52-4361-A41F-94020CB76E5C}.Debug|x64.ActiveCfg = Debug|Any CPU
		{7ED93ECF-2F52-4361-A41F-94020CB76E5C}.Debug|x64.Build.0 = Debug|Any CPU
		{7ED93ECF-2F52-4361-A41F-94020CB76E5C}.Debug|x86.ActiveCfg = Debug|Any CPU
		{7ED93ECF-2F52-4361-A41F-94020CB76E5C}.Debug|x86.Build.0 = Debug|Any CPU
		{7ED93ECF-2F52-4361-A41F-94020CB76E5C}.Release|Any CPU.ActiveCfg = Release|Any CPU
		{7ED93ECF-2F52-4361-A41F-94020CB76E5C}.Release|Any CPU.Build.0 = Release|Any CPU
		{7ED93ECF-2F52-4361-A41F-94020CB76E5C}.Release|x64.ActiveCfg = Release|Any CPU
		{7ED93ECF-2F52-4361-A41F-94020CB76E5C}.Release|x64.Build.0 = Release|Any CPU
		{7ED93ECF-2F52-4361-A41F-94020CB76E5C}.Release|x86.ActiveCfg = Release|Any CPU
		{7ED93ECF-2F52-4361-A41F-94020CB76E5C}.Release|x86.Build.0 = Release|Any CPU
	EndGlobalSection
	GlobalSection(SolutionProperties) = preSolution
		HideSolutionNode = FALSE
	EndGlobalSection
	GlobalSection(NestedProjects) = preSolution
		{B4847DD5-5C4C-CC8B-2882-A765ADA137E6} = {B41BF331-FCCB-2ADF-CDB6-767964B34647}
		{693D7909-20A2-4C43-E727-0DA7071317DE} = {B41BF331-FCCB-2ADF-CDB6-767964B34647}
		{98A61134-E482-431D-8A89-EBA85B8E8C59} = {B41BF331-FCCB-2ADF-CDB6-767964B34647}
		{B5DEF108-AF80-4B76-B31A-AC32C69CEA16} = {B41BF331-FCCB-2ADF-CDB6-767964B34647}
		{D1ADB4DB-0667-4868-BED6-4FF9504141E1} = {B41BF331-FCCB-2ADF-CDB6-767964B34647}
		{5DC1C09B-9960-4F8F-BBCF-AACFE61E5A7D} = {B41BF331-FCCB-2ADF-CDB6-767964B34647}
		{79AB3D09-837B-40A9-8467-60DBFB14FBDF} = {B41BF331-FCCB-2ADF-CDB6-767964B34647}
		{7ED93ECF-2F52-4361-A41F-94020CB76E5C} = {B41BF331-FCCB-2ADF-CDB6-767964B34647}
	EndGlobalSection
	GlobalSection(ExtensibilityGlobals) = postSolution
		SolutionGuid = {02FE8887-D2BC-4E03-8DD4-A2A05736DAD2}
	EndGlobalSection
EndGlobal
